
Microsoft Visual Studio Solution File, Format Version 12.00
# Visual Studio Version 16
VisualStudioVersion = 16.0.28803.156
MinimumVisualStudioVersion = 10.0.40219.1
Project("{FAE04EC0-301F-11D3-BF4B-00C04F79EFBC}") = "YNoreWPF", "YNoreWPF\YNoreWPF.csproj", "{9E7DEF9E-146E-4869-BB84-CD0F195AEC57}"
EndProject
Project("{FAE04EC0-301F-11D3-BF4B-00C04F79EFBC}") = "YNoteWPF_BL", "YNoteWPF_BL\YNoteWPF_BL.csproj", "{F7579B0A-3E33-47B7-8290-F5015BD0D39F}"
EndProject
Global
	GlobalSection(SolutionConfigurationPlatforms) = preSolution
		Debug|Any CPU = Debug|Any CPU
		Release|Any CPU = Release|Any CPU
	EndGlobalSection
	GlobalSection(ProjectConfigurationPlatforms) = postSolution
		{9E7DEF9E-146E-4869-BB84-CD0F195AEC57}.Debug|Any CPU.ActiveCfg = Debug|Any CPU
		{9E7DEF9E-146E-4869-BB84-CD0F195AEC57}.Debug|Any CPU.Build.0 = Debug|Any CPU
		{9E7DEF9E-146E-4869-BB84-CD0F195AEC57}.Release|Any CPU.ActiveCfg = Release|Any CPU
		{9E7DEF9E-146E-4869-BB84-CD0F195AEC57}.Release|Any CPU.Build.0 = Release|Any CPU
		{F7579B0A-3E33-47B7-8290-F5015BD0D39F}.Debug|Any CPU.ActiveCfg = Debug|Any CPU
		{F7579B0A-3E33-47B7-8290-F5015BD0D39F}.Debug|Any CPU.Build.0 = Debug|Any CPU
		{F7579B0A-3E33-47B7-8290-F5015BD0D39F}.Release|Any CPU.ActiveCfg = Release|Any CPU
		{F7579B0A-3E33-47B7-8290-F5015BD0D39F}.Release|Any CPU.Build.0 = Release|Any CPU
	EndGlobalSection
	GlobalSection(SolutionProperties) = preSolution
		HideSolutionNode = FALSE
	EndGlobalSection
	GlobalSection(ExtensibilityGlobals) = postSolution
		SolutionGuid = {DE21AB2B-AF78-4A12-92D7-6707EFF7FADF}
	EndGlobalSection
EndGlobal
